
Microsoft Visual Studio Solution File, Format Version 12.00
# Visual Studio Version 17
VisualStudioVersion = 17.14.36623.8 d17.14
MinimumVisualStudioVersion = 10.0.40219.1
Project("{FAE04EC0-301F-11D3-BF4B-00C04F79EFBC}") = "lesson9_practice", "lesson9_practice.csproj", "{FFC48186-3F6E-4165-9E07-36F260AF8047}"
EndProject
Project("{FAE04EC0-301F-11D3-BF4B-00C04F79EFBC}") = "ClassLibrary1", "..\ClassLibrary1\ClassLibrary1.csproj", "{A5E0C676-9C25-437F-8A71-0E9091627D5C}"
EndProject
Global
	GlobalSection(SolutionConfigurationPlatforms) = preSolution
		Debug|Any CPU = Debug|Any CPU
		Release|Any CPU = Release|Any CPU
	EndGlobalSection
	GlobalSection(ProjectConfigurationPlatforms) = postSolution
		{FFC48186-3F6E-4165-9E07-36F260AF8047}.Debug|Any CPU.ActiveCfg = Debug|Any CPU
		{FFC48186-3F6E-4165-9E07-36F260AF8047}.Debug|Any CPU.Build.0 = Debug|Any CPU
		{FFC48186-3F6E-4165-9E07-36F260AF8047}.Release|Any CPU.ActiveCfg = Release|Any CPU
		{FFC48186-3F6E-4165-9E07-36F260AF8047}.Release|Any CPU.Build.0 = Release|Any CPU
		{A5E0C676-9C25-437F-8A71-0E9091627D5C}.Debug|Any CPU.ActiveCfg = Debug|Any CPU
		{A5E0C676-9C25-437F-8A71-0E9091627D5C}.Debug|Any CPU.Build.0 = Debug|Any CPU
		{A5E0C676-9C25-437F-8A71-0E9091627D5C}.Release|Any CPU.ActiveCfg = Release|Any CPU
		{A5E0C676-9C25-437F-8A71-0E9091627D5C}.Release|Any CPU.Build.0 = Release|Any CPU
	EndGlobalSection
	GlobalSection(SolutionProperties) = preSolution
		HideSolutionNode = FALSE
	EndGlobalSection
	GlobalSection(ExtensibilityGlobals) = postSolution
		SolutionGuid = {96CFE76F-24DA-4CDF-9FCD-3601BF514199}
	EndGlobalSection
EndGlobal
